# generated by rye
# use `rye lock` or `rye sync` to update this lockfile
#
# last locked with the following flags:
#   pre: false
#   features: []
#   all-features: false
#   with-sources: false
#   generate-hashes: false
#   universal: false

-e file:.
audioread==3.0.1
    # via bpm-detector
    # via librosa
certifi==2025.4.26
    # via requests
cffi==1.17.1
    # via soundfile
charset-normalizer==3.4.2
    # via requests
colorama==0.4.6
    # via bpm-detector
decorator==5.2.1
    # via librosa
idna==3.10
    # via requests
joblib==1.5.1
    # via librosa
    # via scikit-learn
lazy-loader==0.4
    # via librosa
librosa==0.11.0
    # via bpm-detector
llvmlite==0.44.0
    # via numba
msgpack==1.1.0
    # via librosa
numba==0.61.2
    # via librosa
numpy==2.2.6
    # via bpm-detector
    # via librosa
    # via numba
    # via scikit-learn
    # via scipy
    # via soundfile
    # via soxr
packaging==25.0
    # via lazy-loader
    # via pooch
platformdirs==4.3.8
    # via pooch
pooch==1.8.2
    # via librosa
pycparser==2.22
    # via cffi
requests==2.32.3
    # via pooch
scikit-learn==1.6.1
    # via librosa
scipy==1.15.3
    # via librosa
    # via scikit-learn
soundfile==0.13.1
    # via bpm-detector
    # via librosa
soxr==0.5.0.post1
    # via librosa
threadpoolctl==3.6.0
    # via scikit-learn
tqdm==4.67.1
    # via bpm-detector
typing-extensions==4.13.2
    # via librosa
urllib3==2.4.0
    # via requests
